github.com/bingohuang/testgomod v1.0.0 h1:JdNLPaJoAvogFRBWAyyr5jrLAsKFv7axKYDOOeFUbOo=
github.com/bingohuang/testgomod v1.0.0/go.mod h1:dSAc0893lV3VXfM/YX6n2s+lW3CxIXytDP//OgpmKFo=
github.com/bingohuang/testgomod v1.0.1 h1:8AyFCN5nS894iwBE/nlf70k0SGswfSiRGzhOEeyJmrM=
github.com/bingohuang/testgomod v1.0.1/go.mod h1:dSAc0893lV3VXfM/YX6n2s+lW3CxIXytDP//OgpmKFo=
